# THIS IS AN AUTOGENERATED FILE. DO NOT EDIT THIS FILE DIRECTLY.
# yarn lockfile v1


"@terascope/chunked-file-reader@^2.1.3":
  version "2.1.3"
  resolved "https://registry.yarnpkg.com/@terascope/chunked-file-reader/-/chunked-file-reader-2.1.3.tgz#4ec81001e80d8878f4a5fb69ca2890a750ed593d"
  integrity sha512-ihyevpDa85NA13QRi54TdQASPLql0r26tZbJmvFO/q/F9qG5iaZona3R3h+1R536jL+82ZTtpSL7MoAKVmkvug==
  dependencies:
    "@terascope/utils" "^0.16.1"
    bluebird "^3.5.5"
    csvtojson "^2.0.8"
    lodash "^4.17.11"

"@terascope/queue@^1.1.7":
  version "1.1.7"
  resolved "https://registry.yarnpkg.com/@terascope/queue/-/queue-1.1.7.tgz#26cd3a42747ec802744f9b86c08034b0bbe07091"
  integrity sha512-foPas4K4rShs0RxtLNauC9ssXbzWvf5YzCa+6tJ9BAEk+PfjHJhi9bPDL6stXfcHroKtbet49dPwFbFIJJAOHw==

"@terascope/utils@^0.16.1":
  version "0.16.1"
  resolved "https://registry.yarnpkg.com/@terascope/utils/-/utils-0.16.1.tgz#cd68c760e9c5d6fff4c199d2c614be42c3d6991b"
  integrity sha512-DNbeD5I0vZ+tLFZRTKE4LyJGQRwrFMczJwlKLJihhK9N/3maToAvqjcOqnJgaKbSGrp4e9zb3sxCmVoRl1YDeQ==
  dependencies:
    debug "^4.1.1"
    is-plain-object "^3.0.0"
    kind-of "^6.0.2"
    lodash.clonedeep "^4.5.0"
    lodash.get "^4.4.2"
    lodash.set "^4.3.2"

"@terascope/utils@^0.17.1":
  version "0.17.1"
  resolved "https://registry.yarnpkg.com/@terascope/utils/-/utils-0.17.1.tgz#ae1aacd13a2279c48851d5f7fa1b43a6f2bd34ad"
  integrity sha512-q76TA7Q2Ol3Kv3opaCc9Th2RtFWEBUcALfS4oaT8mFEZjKMsG/AXAUY0pmqTw8aGAfpCr4+mxptZdWPmGYHwzg==
  dependencies:
    debug "^4.1.1"
    is-plain-object "^3.0.0"
    kind-of "^6.0.2"
    lodash.clonedeep "^4.5.0"
    lodash.get "^4.4.2"
    lodash.set "^4.3.2"

bluebird@^3.5.1, bluebird@^3.5.5:
  version "3.5.5"
  resolved "https://registry.yarnpkg.com/bluebird/-/bluebird-3.5.5.tgz#a8d0afd73251effbbd5fe384a77d73003c17a71f"
  integrity sha512-5am6HnnfN+urzt4yfg7IgTbotDjIT/u8AJpEt0sIU9FtXfVeezXAPKswrG+xKUCOYAINpSdgZVDU6QFh+cuH3w==

csvtojson@^2.0.8:
  version "2.0.10"
  resolved "https://registry.yarnpkg.com/csvtojson/-/csvtojson-2.0.10.tgz#11e7242cc630da54efce7958a45f443210357574"
  integrity sha512-lUWFxGKyhraKCW8Qghz6Z0f2l/PqB1W3AO0HKJzGIQ5JRSlR651ekJDiGJbBT4sRNNv5ddnSGVEnsxP9XRCVpQ==
  dependencies:
    bluebird "^3.5.1"
    lodash "^4.17.3"
    strip-bom "^2.0.0"

debug@^4.1.1:
  version "4.1.1"
  resolved "https://registry.yarnpkg.com/debug/-/debug-4.1.1.tgz#3b72260255109c6b589cee050f1d516139664791"
  integrity sha512-pYAIzeRo8J6KPEaJ0VWOh5Pzkbw/RetuzehGM7QRRX5he4fPHx2rdKMB256ehJCkX+XRQm16eZLqLNS8RSZXZw==
  dependencies:
    ms "^2.1.1"

is-plain-object@^3.0.0:
  version "3.0.0"
  resolved "https://registry.yarnpkg.com/is-plain-object/-/is-plain-object-3.0.0.tgz#47bfc5da1b5d50d64110806c199359482e75a928"
  integrity sha512-tZIpofR+P05k8Aocp7UI/2UTa9lTJSebCXpFFoR9aibpokDj/uXBsJ8luUu0tTVYKkMU6URDUuOfJZ7koewXvg==
  dependencies:
    isobject "^4.0.0"

is-utf8@^0.2.0:
  version "0.2.1"
  resolved "https://registry.yarnpkg.com/is-utf8/-/is-utf8-0.2.1.tgz#4b0da1442104d1b336340e80797e865cf39f7d72"
  integrity sha1-Sw2hRCEE0bM2NA6AeX6GXPOffXI=

isobject@^4.0.0:
  version "4.0.0"
  resolved "https://registry.yarnpkg.com/isobject/-/isobject-4.0.0.tgz#3f1c9155e73b192022a80819bacd0343711697b0"
  integrity sha512-S/2fF5wH8SJA/kmwr6HYhK/RI/OkhD84k8ntalo0iJjZikgq1XFvR5M8NPT1x5F7fBwCG3qHfnzeP/Vh/ZxCUA==

kind-of@^6.0.2:
  version "6.0.2"
  resolved "https://registry.yarnpkg.com/kind-of/-/kind-of-6.0.2.tgz#01146b36a6218e64e58f3a8d66de5d7fc6f6d051"
  integrity sha512-s5kLOcnH0XqDO+FvuaLX8DDjZ18CGFk7VygH40QoKPUQhW4e2rvM0rwUq0t8IQDOwYSeLK01U90OjzBTme2QqA==

lodash.clonedeep@^4.5.0:
  version "4.5.0"
  resolved "https://registry.yarnpkg.com/lodash.clonedeep/-/lodash.clonedeep-4.5.0.tgz#e23f3f9c4f8fbdde872529c1071857a086e5ccef"
  integrity sha1-4j8/nE+Pvd6HJSnBBxhXoIblzO8=

lodash.get@^4.4.2:
  version "4.4.2"
  resolved "https://registry.yarnpkg.com/lodash.get/-/lodash.get-4.4.2.tgz#2d177f652fa31e939b4438d5341499dfa3825e99"
  integrity sha1-LRd/ZS+jHpObRDjVNBSZ36OCXpk=

lodash.set@^4.3.2:
  version "4.3.2"
  resolved "https://registry.yarnpkg.com/lodash.set/-/lodash.set-4.3.2.tgz#d8757b1da807dde24816b0d6a84bea1a76230b23"
  integrity sha1-2HV7HagH3eJIFrDWqEvqGnYjCyM=

lodash@^4.17.11, lodash@^4.17.15, lodash@^4.17.3:
  version "4.17.15"
  resolved "https://registry.yarnpkg.com/lodash/-/lodash-4.17.15.tgz#b447f6670a0455bbfeedd11392eff330ea097548"
  integrity sha512-8xOcRHvCjnocdS5cpwXQXVzmmh5e5+saE2QGoeQmbKmRS6J3VQppPOIt0MnmE+4xlZoumy0GPG0D0MVIQbNA1A==

ms@^2.1.1:
  version "2.1.2"
  resolved "https://registry.yarnpkg.com/ms/-/ms-2.1.2.tgz#d09d1f357b443f493382a8eb3ccd183872ae6009"
  integrity sha512-sGkPx+VjMtmA6MX27oA4FBFELFCZZ4S4XqeGOXCv68tT+jb3vk/RyaKWP0PTKyWtmLSM0b+adUTEvbs1PEaH2w==

strip-bom@^2.0.0:
  version "2.0.0"
  resolved "https://registry.yarnpkg.com/strip-bom/-/strip-bom-2.0.0.tgz#6219a85616520491f35788bdbf1447a99c7e6b0e"
  integrity sha1-YhmoVhZSBJHzV4i9vxRHqZx+aw4=
  dependencies:
    is-utf8 "^0.2.0"
